<?xml version="1.0" encoding="UTF-8" standalone="yes" ?>
<CodeBlocks_project_file>
   <FileVersion major="1" minor="6" />
   <Project>
      <Option title="datfile" />
      <Option makefile_is_custom="1" />
      <Option compiler="gcc" />
      <Option virtualFolders="CMake Files\;" />
      <Build>
      <Target title="all">
         <Option working_dir="/home/alexeevdv/datfile" />
         <Option type="4" />
         <MakeCommands>
            <Build command="/usr/bin/make -f &quot;/home/alexeevdv/datfile/Makefile&quot;  VERBOSE=1 all" />
            <CompileFile command="/usr/bin/make -f &quot;/home/alexeevdv/datfile/Makefile&quot;  VERBOSE=1 &quot;$file&quot;" />
            <Clean command="/usr/bin/make -f &quot;/home/alexeevdv/datfile/Makefile&quot;  VERBOSE=1 clean" />
            <DistClean command="/usr/bin/make -f &quot;/home/alexeevdv/datfile/Makefile&quot;  VERBOSE=1 clean" />
         </MakeCommands>
      </Target>
      <Target title="datfile">
         <Option output="/home/alexeevdv/datfile/datfile" prefix_auto="0" extension_auto="0" />
         <Option working_dir="/home/alexeevdv/datfile" />
         <Option object_output="./" />
         <Option type="1" />
         <Option compiler="gcc" />
         <Compiler>
         </Compiler>
         <MakeCommands>
            <Build command="/usr/bin/make -f &quot;/home/alexeevdv/datfile/Makefile&quot;  VERBOSE=1 datfile" />
            <CompileFile command="/usr/bin/make -f &quot;/home/alexeevdv/datfile/Makefile&quot;  VERBOSE=1 &quot;$file&quot;" />
            <Clean command="/usr/bin/make -f &quot;/home/alexeevdv/datfile/Makefile&quot;  VERBOSE=1 clean" />
            <DistClean command="/usr/bin/make -f &quot;/home/alexeevdv/datfile/Makefile&quot;  VERBOSE=1 clean" />
         </MakeCommands>
      </Target>
      <Target title="datfile/fast">
         <Option output="/home/alexeevdv/datfile/datfile" prefix_auto="0" extension_auto="0" />
         <Option working_dir="/home/alexeevdv/datfile" />
         <Option object_output="./" />
         <Option type="1" />
         <Option compiler="gcc" />
         <Compiler>
         </Compiler>
         <MakeCommands>
            <Build command="/usr/bin/make -f &quot;/home/alexeevdv/datfile/Makefile&quot;  VERBOSE=1 datfile/fast" />
            <CompileFile command="/usr/bin/make -f &quot;/home/alexeevdv/datfile/Makefile&quot;  VERBOSE=1 &quot;$file&quot;" />
            <Clean command="/usr/bin/make -f &quot;/home/alexeevdv/datfile/Makefile&quot;  VERBOSE=1 clean" />
            <DistClean command="/usr/bin/make -f &quot;/home/alexeevdv/datfile/Makefile&quot;  VERBOSE=1 clean" />
         </MakeCommands>
      </Target>
      <Target title="rebuild_cache">
         <Option working_dir="/home/alexeevdv/datfile" />
         <Option type="4" />
         <MakeCommands>
            <Build command="/usr/bin/make -f &quot;/home/alexeevdv/datfile/Makefile&quot;  VERBOSE=1 rebuild_cache" />
            <CompileFile command="/usr/bin/make -f &quot;/home/alexeevdv/datfile/Makefile&quot;  VERBOSE=1 &quot;$file&quot;" />
            <Clean command="/usr/bin/make -f &quot;/home/alexeevdv/datfile/Makefile&quot;  VERBOSE=1 clean" />
            <DistClean command="/usr/bin/make -f &quot;/home/alexeevdv/datfile/Makefile&quot;  VERBOSE=1 clean" />
         </MakeCommands>
      </Target>
      </Build>
      <Unit filename="/home/alexeevdv/datfile/DatFile.cpp">
      </Unit>
      <Unit filename="/home/alexeevdv/datfile/DatFileItem.cpp">
      </Unit>
      <Unit filename="/home/alexeevdv/datfile/LZSS.cpp">
      </Unit>
      <Unit filename="/home/alexeevdv/datfile/main.cpp">
      </Unit>
      <Unit filename="/home/alexeevdv/datfile/DatFile.h">
      </Unit>
      <Unit filename="/home/alexeevdv/datfile/DatFileItem.h">
      </Unit>
      <Unit filename="/home/alexeevdv/datfile/LZSS.h">
      </Unit>
      <Unit filename="/home/alexeevdv/datfile/CMakeLists.txt">
          <Option virtualFolder="CMake Files\" />
      </Unit>
   </Project>
</CodeBlocks_project_file>
